
Microsoft Visual Studio Solution File, Format Version 12.00
# Visual Studio Version 17
VisualStudioVersion = 17.7.34221.43
MinimumVisualStudioVersion = 10.0.40219.1
Project("{8BC9CEB8-8B4A-11D0-8D11-00A0C91BC942}") = "Project15", "Project15\Project15.vcxproj", "{C64FB0E1-F544-47C4-87DB-233A0AAA30B5}"
EndProject
Global
	GlobalSection(SolutionConfigurationPlatforms) = preSolution
		Debug|x64 = Debug|x64
		Debug|x86 = Debug|x86
		Release|x64 = Release|x64
		Release|x86 = Release|x86
	EndGlobalSection
	GlobalSection(ProjectConfigurationPlatforms) = postSolution
		{C64FB0E1-F544-47C4-87DB-233A0AAA30B5}.Debug|x64.ActiveCfg = Debug|x64
		{C64FB0E1-F544-47C4-87DB-233A0AAA30B5}.Debug|x64.Build.0 = Debug|x64
		{C64FB0E1-F544-47C4-87DB-233A0AAA30B5}.Debug|x86.ActiveCfg = Debug|Win32
		{C64FB0E1-F544-47C4-87DB-233A0AAA30B5}.Debug|x86.Build.0 = Debug|Win32
		{C64FB0E1-F544-47C4-87DB-233A0AAA30B5}.Release|x64.ActiveCfg = Release|x64
		{C64FB0E1-F544-47C4-87DB-233A0AAA30B5}.Release|x64.Build.0 = Release|x64
		{C64FB0E1-F544-47C4-87DB-233A0AAA30B5}.Release|x86.ActiveCfg = Release|Win32
		{C64FB0E1-F544-47C4-87DB-233A0AAA30B5}.Release|x86.Build.0 = Release|Win32
	EndGlobalSection
	GlobalSection(SolutionProperties) = preSolution
		HideSolutionNode = FALSE
	EndGlobalSection
	GlobalSection(ExtensibilityGlobals) = postSolution
		SolutionGuid = {9B3F2A59-9061-440F-8442-1FAE7ABFD1B7}
	EndGlobalSection
EndGlobal
